
Microsoft Visual Studio Solution File, Format Version 12.00
# Visual Studio 15
Project("{FAE04EC0-301F-11D3-BF4B-00C04F79EFBC}") = "Assembly-CSharp", "Assembly-CSharp.csproj", "{38FBAB62-371B-D5CF-D2A6-0B489686B67C}"
EndProject
Project("{FAE04EC0-301F-11D3-BF4B-00C04F79EFBC}") = "Assembly-CSharp-Editor", "Assembly-CSharp-Editor.csproj", "{D2994ABB-B590-27AB-4853-38B60FFCED43}"
EndProject
Global
	GlobalSection(SolutionConfigurationPlatforms) = preSolution
		Debug|Any CPU = Debug|Any CPU
		Release|Any CPU = Release|Any CPU
	EndGlobalSection
	GlobalSection(ProjectConfigurationPlatforms) = postSolution
		{38FBAB62-371B-D5CF-D2A6-0B489686B67C}.Debug|Any CPU.ActiveCfg = Debug|Any CPU
		{38FBAB62-371B-D5CF-D2A6-0B489686B67C}.Debug|Any CPU.Build.0 = Debug|Any CPU
		{38FBAB62-371B-D5CF-D2A6-0B489686B67C}.Release|Any CPU.ActiveCfg = Release|Any CPU
		{38FBAB62-371B-D5CF-D2A6-0B489686B67C}.Release|Any CPU.Build.0 = Release|Any CPU
		{D2994ABB-B590-27AB-4853-38B60FFCED43}.Debug|Any CPU.ActiveCfg = Debug|Any CPU
		{D2994ABB-B590-27AB-4853-38B60FFCED43}.Debug|Any CPU.Build.0 = Debug|Any CPU
		{D2994ABB-B590-27AB-4853-38B60FFCED43}.Release|Any CPU.ActiveCfg = Release|Any CPU
		{D2994ABB-B590-27AB-4853-38B60FFCED43}.Release|Any CPU.Build.0 = Release|Any CPU
	EndGlobalSection
	GlobalSection(SolutionProperties) = preSolution
		HideSolutionNode = FALSE
	EndGlobalSection
EndGlobal
