
Microsoft Visual Studio Solution File, Format Version 12.00
# Visual Studio 15
Project("{FAE04EC0-301F-11D3-BF4B-00C04F79EFBC}") = "Assembly-CSharp", "Assembly-CSharp.csproj", "{F3094ECE-F05B-2716-C8CE-20D173B7655A}"
EndProject
Project("{FAE04EC0-301F-11D3-BF4B-00C04F79EFBC}") = "Assembly-CSharp-Editor", "Assembly-CSharp-Editor.csproj", "{8EEA9B1F-EC94-F0A0-F2C0-BED373F96DA6}"
EndProject
Global
	GlobalSection(SolutionConfigurationPlatforms) = preSolution
		Debug|Any CPU = Debug|Any CPU
		Release|Any CPU = Release|Any CPU
	EndGlobalSection
	GlobalSection(ProjectConfigurationPlatforms) = postSolution
		{F3094ECE-F05B-2716-C8CE-20D173B7655A}.Debug|Any CPU.ActiveCfg = Debug|Any CPU
		{F3094ECE-F05B-2716-C8CE-20D173B7655A}.Debug|Any CPU.Build.0 = Debug|Any CPU
		{F3094ECE-F05B-2716-C8CE-20D173B7655A}.Release|Any CPU.ActiveCfg = Release|Any CPU
		{F3094ECE-F05B-2716-C8CE-20D173B7655A}.Release|Any CPU.Build.0 = Release|Any CPU
		{8EEA9B1F-EC94-F0A0-F2C0-BED373F96DA6}.Debug|Any CPU.ActiveCfg = Debug|Any CPU
		{8EEA9B1F-EC94-F0A0-F2C0-BED373F96DA6}.Debug|Any CPU.Build.0 = Debug|Any CPU
		{8EEA9B1F-EC94-F0A0-F2C0-BED373F96DA6}.Release|Any CPU.ActiveCfg = Release|Any CPU
		{8EEA9B1F-EC94-F0A0-F2C0-BED373F96DA6}.Release|Any CPU.Build.0 = Release|Any CPU
	EndGlobalSection
	GlobalSection(SolutionProperties) = preSolution
		HideSolutionNode = FALSE
	EndGlobalSection
EndGlobal
